
Microsoft Visual Studio Solution File, Format Version 12.00
# Visual Studio 15
VisualStudioVersion = 15.0.27703.2042
MinimumVisualStudioVersion = 10.0.40219.1
Project("{FAE04EC0-301F-11D3-BF4B-00C04F79EFBC}") = "JSTesting", "JSTesting\JSTesting.csproj", "{D302BDFE-BB47-43BF-9A17-8BFC8BA29F32}"
EndProject
Project("{FAE04EC0-301F-11D3-BF4B-00C04F79EFBC}") = "Nordia.Logic", "Nordia.Logic\Nordia.Logic.csproj", "{9AB9B1BE-1F6F-40ED-8FE8-42B6A7108F23}"
EndProject
Global
	GlobalSection(SolutionConfigurationPlatforms) = preSolution
		Debug|Any CPU = Debug|Any CPU
		Release|Any CPU = Release|Any CPU
	EndGlobalSection
	GlobalSection(ProjectConfigurationPlatforms) = postSolution
		{D302BDFE-BB47-43BF-9A17-8BFC8BA29F32}.Debug|Any CPU.ActiveCfg = Debug|Any CPU
		{D302BDFE-BB47-43BF-9A17-8BFC8BA29F32}.Debug|Any CPU.Build.0 = Debug|Any CPU
		{D302BDFE-BB47-43BF-9A17-8BFC8BA29F32}.Release|Any CPU.ActiveCfg = Release|Any CPU
		{D302BDFE-BB47-43BF-9A17-8BFC8BA29F32}.Release|Any CPU.Build.0 = Release|Any CPU
		{9AB9B1BE-1F6F-40ED-8FE8-42B6A7108F23}.Debug|Any CPU.ActiveCfg = Debug|Any CPU
		{9AB9B1BE-1F6F-40ED-8FE8-42B6A7108F23}.Debug|Any CPU.Build.0 = Debug|Any CPU
		{9AB9B1BE-1F6F-40ED-8FE8-42B6A7108F23}.Release|Any CPU.ActiveCfg = Release|Any CPU
		{9AB9B1BE-1F6F-40ED-8FE8-42B6A7108F23}.Release|Any CPU.Build.0 = Release|Any CPU
	EndGlobalSection
	GlobalSection(SolutionProperties) = preSolution
		HideSolutionNode = FALSE
	EndGlobalSection
	GlobalSection(ExtensibilityGlobals) = postSolution
		SolutionGuid = {DD69A6A8-A7AE-4990-9DE3-0CC859179BD4}
	EndGlobalSection
EndGlobal
